// !$*UTF8*$!
{
	archiveVersion = 1;
	classes = {
	};
	objectVersion = 46;
	objects = {

/* Begin PBXBuildFile section */
		7533A2011FBDE68C00F72AD2 /* MaterialShowcaseInstructionView.swift in Sources */ = {isa = PBXBuildFile; fileRef = 7533A2001FBDE68C00F72AD2 /* MaterialShowcaseInstructionView.swift */; };
		7533A2031FBDE9A100F72AD2 /* Utility.swift in Sources */ = {isa = PBXBuildFile; fileRef = 7533A2021FBDE9A100F72AD2 /* Utility.swift */; };
		7533A2051FBDF26500F72AD2 /* MaterialShowcase+Calculations.swift in Sources */ = {isa = PBXBuildFile; fileRef = 7533A2041FBDF26500F72AD2 /* MaterialShowcase+Calculations.swift */; };
		754559391FB0FE1F0014A163 /* MaterialShowcaseController.swift in Sources */ = {isa = PBXBuildFile; fileRef = 754559381FB0FE1F0014A163 /* MaterialShowcaseController.swift */; };
		CE083A1E1EBACFEB0077666F /* MaterialShowcase.h in Headers */ = {isa = PBXBuildFile; fileRef = CE083A1C1EBACFEB0077666F /* MaterialShowcase.h */; settings = {ATTRIBUTES = (Public, ); }; };
		CE083A251EBAD0020077666F /* MaterialShowcase.swift in Sources */ = {isa = PBXBuildFile; fileRef = CE083A241EBAD0020077666F /* MaterialShowcase.swift */; };
/* End PBXBuildFile section */

/* Begin PBXFileReference section */
		7533A2001FBDE68C00F72AD2 /* MaterialShowcaseInstructionView.swift */ = {isa = PBXFileReference; lastKnownFileType = sourcecode.swift; path = MaterialShowcaseInstructionView.swift; sourceTree = "<group>"; };
		7533A2021FBDE9A100F72AD2 /* Utility.swift */ = {isa = PBXFileReference; lastKnownFileType = sourcecode.swift; path = Utility.swift; sourceTree = "<group>"; };
		7533A2041FBDF26500F72AD2 /* MaterialShowcase+Calculations.swift */ = {isa = PBXFileReference; lastKnownFileType = sourcecode.swift; path = "MaterialShowcase+Calculations.swift"; sourceTree = "<group>"; };
		754559381FB0FE1F0014A163 /* MaterialShowcaseController.swift */ = {isa = PBXFileReference; lastKnownFileType = sourcecode.swift; path = MaterialShowcaseController.swift; sourceTree = "<group>"; };
		CE083A191EBACFEB0077666F /* MaterialShowcase.framework */ = {isa = PBXFileReference; explicitFileType = wrapper.framework; includeInIndex = 0; path = MaterialShowcase.framework; sourceTree = BUILT_PRODUCTS_DIR; };
		CE083A1C1EBACFEB0077666F /* MaterialShowcase.h */ = {isa = PBXFileReference; lastKnownFileType = sourcecode.c.h; path = MaterialShowcase.h; sourceTree = "<group>"; };
		CE083A1D1EBACFEB0077666F /* Info.plist */ = {isa = PBXFileReference; lastKnownFileType = text.plist.xml; path = Info.plist; sourceTree = "<group>"; };
		CE083A241EBAD0020077666F /* MaterialShowcase.swift */ = {isa = PBXFileReference; fileEncoding = 4; lastKnownFileType = sourcecode.swift; path = MaterialShowcase.swift; sourceTree = "<group>"; };
/* End PBXFileReference section */

/* Begin PBXFrameworksBuildPhase section */
		CE083A151EBACFEB0077666F /* Frameworks */ = {
			isa = PBXFrameworksBuildPhase;
			buildActionMask = 2147483647;
			files = (
			);
			runOnlyForDeploymentPostprocessing = 0;
		};
/* End PBXFrameworksBuildPhase section */

/* Begin PBXGroup section */
		CE083A0F1EBACFEB0077666F = {
			isa = PBXGroup;
			children = (
				CE083A1B1EBACFEB0077666F /* MaterialShowcase */,
				CE083A1A1EBACFEB0077666F /* Products */,
			);
			sourceTree = "<group>";
		};
		CE083A1A1EBACFEB0077666F /* Products */ = {
			isa = PBXGroup;
			children = (
				CE083A191EBACFEB0077666F /* MaterialShowcase.framework */,
			);
			name = Products;
			sourceTree = "<group>";
		};
		CE083A1B1EBACFEB0077666F /* MaterialShowcase */ = {
			isa = PBXGroup;
			children = (
				CE083A1C1EBACFEB0077666F /* MaterialShowcase.h */,
				CE083A1D1EBACFEB0077666F /* Info.plist */,
				CE083A241EBAD0020077666F /* MaterialShowcase.swift */,
				7533A2041FBDF26500F72AD2 /* MaterialShowcase+Calculations.swift */,
				754559381FB0FE1F0014A163 /* MaterialShowcaseController.swift */,
				7533A2001FBDE68C00F72AD2 /* MaterialShowcaseInstructionView.swift */,
				7533A2021FBDE9A100F72AD2 /* Utility.swift */,
			);
			path = MaterialShowcase;
			sourceTree = "<group>";
		};
/* End PBXGroup section */

/* Begin PBXHeadersBuildPhase section */
		CE083A161EBACFEB0077666F /* Headers */ = {
			isa = PBXHeadersBuildPhase;
			buildActionMask = 2147483647;
			files = (
				CE083A1E1EBACFEB0077666F /* MaterialShowcase.h in Headers */,
			);
			runOnlyForDeploymentPostprocessing = 0;
		};
/* End PBXHeadersBuildPhase section */

/* Begin PBXNativeTarget section */
		CE083A181EBACFEB0077666F /* MaterialShowcase */ = {
			isa = PBXNativeTarget;
			buildConfigurationList = CE083A211EBACFEB0077666F /* Build configuration list for PBXNativeTarget "MaterialShowcase" */;
			buildPhases = (
				CE083A141EBACFEB0077666F /* Sources */,
				CE083A151EBACFEB0077666F /* Frameworks */,
				CE083A161EBACFEB0077666F /* Headers */,
				CE083A171EBACFEB0077666F /* Resources */,
			);
			buildRules = (
			);
			dependencies = (
			);
			name = MaterialShowcase;
			productName = MaterialShowcase;
			productReference = CE083A191EBACFEB0077666F /* MaterialShowcase.framework */;
			productType = "com.apple.product-type.framework";
		};
/* End PBXNativeTarget section */

/* Begin PBXProject section */
		CE083A101EBACFEB0077666F /* Project object */ = {
			isa = PBXProject;
			attributes = {
				LastUpgradeCheck = 0900;
				ORGANIZATIONNAME = Aromajoin;
				TargetAttributes = {
					CE083A181EBACFEB0077666F = {
						CreatedOnToolsVersion = 8.3.1;
						DevelopmentTeam = 4V6HDFWSR4;
						LastSwiftMigration = 0900;
						ProvisioningStyle = Automatic;
					};
				};
			};
			buildConfigurationList = CE083A131EBACFEB0077666F /* Build configuration list for PBXProject "MaterialShowcase" */;
			compatibilityVersion = "Xcode 3.2";
			developmentRegion = English;
			hasScannedForEncodings = 0;
			knownRegions = (
				en,
			);
			mainGroup = CE083A0F1EBACFEB0077666F;
			productRefGroup = CE083A1A1EBACFEB0077666F /* Products */;
			projectDirPath = "";
			projectRoot = "";
			targets = (
				CE083A181EBACFEB0077666F /* MaterialShowcase */,
			);
		};
/* End PBXProject section */

/* Begin PBXResourcesBuildPhase section */
		CE083A171EBACFEB0077666F /* Resources */ = {
			isa = PBXResourcesBuildPhase;
			buildActionMask = 2147483647;
			files = (
			);
			runOnlyForDeploymentPostprocessing = 0;
		};
/* End PBXResourcesBuildPhase section */

/* Begin PBXSourcesBuildPhase section */
		CE083A141EBACFEB0077666F /* Sources */ = {
			isa = PBXSourcesBuildPhase;
			buildActionMask = 2147483647;
			files = (
				7533A2031FBDE9A100F72AD2 /* Utility.swift in Sources */,
				754559391FB0FE1F0014A163 /* MaterialShowcaseController.swift in Sources */,
				CE083A251EBAD0020077666F /* MaterialShowcase.swift in Sources */,
				7533A2011FBDE68C00F72AD2 /* MaterialShowcaseInstructionView.swift in Sources */,
				7533A2051FBDF26500F72AD2 /* MaterialShowcase+Calculations.swift in Sources */,
			);
			runOnlyForDeploymentPostprocessing = 0;
		};
/* End PBXSourcesBuildPhase section */

/* Begin XCBuildConfiguration section */
		CE083A1F1EBACFEB0077666F /* Debug */ = {
			isa = XCBuildConfiguration;
			buildSettings = {
				ALWAYS_SEARCH_USER_PATHS = NO;
				CLANG_ANALYZER_NONNULL = YES;
				CLANG_ANALYZER_NUMBER_OBJECT_CONVERSION = YES_AGGRESSIVE;
				CLANG_CXX_LANGUAGE_STANDARD = "gnu++0x";
				CLANG_CXX_LIBRARY = "libc++";
				CLANG_ENABLE_MODULES = YES;
				CLANG_ENABLE_OBJC_ARC = YES;
				CLANG_WARN_BLOCK_CAPTURE_AUTORELEASING = YES;
				CLANG_WARN_BOOL_CONVERSION = YES;
				CLANG_WARN_COMMA = YES;
				CLANG_WARN_CONSTANT_CONVERSION = YES;
				CLANG_WARN_DIRECT_OBJC_ISA_USAGE = YES_ERROR;
				CLANG_WARN_DOCUMENTATION_COMMENTS = YES;
				CLANG_WARN_EMPTY_BODY = YES;
				CLANG_WARN_ENUM_CONVERSION = YES;
				CLANG_WARN_INFINITE_RECURSION = YES;
				CLANG_WARN_INT_CONVERSION = YES;
				CLANG_WARN_NON_LITERAL_NULL_CONVERSION = YES;
				CLANG_WARN_OBJC_LITERAL_CONVERSION = YES;
				CLANG_WARN_OBJC_ROOT_CLASS = YES_ERROR;
				CLANG_WARN_RANGE_LOOP_ANALYSIS = YES;
				CLANG_WARN_STRICT_PROTOTYPES = YES;
				CLANG_WARN_SUSPICIOUS_MOVE = YES;
				CLANG_WARN_UNREACHABLE_CODE = YES;
				CLANG_WARN__DUPLICATE_METHOD_MATCH = YES;
				"CODE_SIGN_IDENTITY[sdk=iphoneos*]" = "iPhone Developer";
				COPY_PHASE_STRIP = NO;
				CURRENT_PROJECT_VERSION = 1;
				DEBUG_INFORMATION_FORMAT = dwarf;
				ENABLE_STRICT_OBJC_MSGSEND = YES;
				ENABLE_TESTABILITY = YES;
				GCC_C_LANGUAGE_STANDARD = gnu99;
				GCC_DYNAMIC_NO_PIC = NO;
				GCC_NO_COMMON_BLOCKS = YES;
				GCC_OPTIMIZATION_LEVEL = 0;
				GCC_PREPROCESSOR_DEFINITIONS = (
					"DEBUG=1",
					"$(inherited)",
				);
				GCC_WARN_64_TO_32_BIT_CONVERSION = YES;
				GCC_WARN_ABOUT_RETURN_TYPE = YES_ERROR;
				GCC_WARN_UNDECLARED_SELECTOR = YES;
				GCC_WARN_UNINITIALIZED_AUTOS = YES_AGGRESSIVE;
				GCC_WARN_UNUSED_FUNCTION = YES;
				GCC_WARN_UNUSED_VARIABLE = YES;
				IPHONEOS_DEPLOYMENT_TARGET = 8.0;
				MTL_ENABLE_DEBUG_INFO = YES;
				ONLY_ACTIVE_ARCH = YES;
				SDKROOT = iphoneos;
				SWIFT_ACTIVE_COMPILATION_CONDITIONS = DEBUG;
				SWIFT_OPTIMIZATION_LEVEL = "-Onone";
				TARGETED_DEVICE_FAMILY = "1,2";
				VERSIONING_SYSTEM = "apple-generic";
				VERSION_INFO_PREFIX = "";
			};
			name = Debug;
		};
		CE083A201EBACFEB0077666F /* Release */ = {
			isa = XCBuildConfiguration;
			buildSettings = {
				ALWAYS_SEARCH_USER_PATHS = NO;
				CLANG_ANALYZER_NONNULL = YES;
				CLANG_ANALYZER_NUMBER_OBJECT_CONVERSION = YES_AGGRESSIVE;
				CLANG_CXX_LANGUAGE_STANDARD = "gnu++0x";
				CLANG_CXX_LIBRARY = "libc++";
				CLANG_ENABLE_MODULES = YES;
				CLANG_ENABLE_OBJC_ARC = YES;
				CLANG_WARN_BLOCK_CAPTURE_AUTORELEASING = YES;
				CLANG_WARN_BOOL_CONVERSION = YES;
				CLANG_WARN_COMMA = YES;
				CLANG_WARN_CONSTANT_CONVERSION = YES;
				CLANG_WARN_DIRECT_OBJC_ISA_USAGE = YES_ERROR;
				CLANG_WARN_DOCUMENTATION_COMMENTS = YES;
				CLANG_WARN_EMPTY_BODY = YES;
				CLANG_WARN_ENUM_CONVERSION = YES;
				CLANG_WARN_INFINITE_RECURSION = YES;
				CLANG_WARN_INT_CONVERSION = YES;
				CLANG_WARN_NON_LITERAL_NULL_CONVERSION = YES;
				CLANG_WARN_OBJC_LITERAL_CONVERSION = YES;
				CLANG_WARN_OBJC_ROOT_CLASS = YES_ERROR;
				CLANG_WARN_RANGE_LOOP_ANALYSIS = YES;
				CLANG_WARN_STRICT_PROTOTYPES = YES;
				CLANG_WARN_SUSPICIOUS_MOVE = YES;
				CLANG_WARN_UNREACHABLE_CODE = YES;
				CLANG_WARN__DUPLICATE_METHOD_MATCH = YES;
				"CODE_SIGN_IDENTITY[sdk=iphoneos*]" = "iPhone Developer";
				COPY_PHASE_STRIP = NO;
				CURRENT_PROJECT_VERSION = 1;
				DEBUG_INFORMATION_FORMAT = "dwarf-with-dsym";
				ENABLE_NS_ASSERTIONS = NO;
				ENABLE_STRICT_OBJC_MSGSEND = YES;
				GCC_C_LANGUAGE_STANDARD = gnu99;
				GCC_NO_COMMON_BLOCKS = YES;
				GCC_WARN_64_TO_32_BIT_CONVERSION = YES;
				GCC_WARN_ABOUT_RETURN_TYPE = YES_ERROR;
				GCC_WARN_UNDECLARED_SELECTOR = YES;
				GCC_WARN_UNINITIALIZED_AUTOS = YES_AGGRESSIVE;
				GCC_WARN_UNUSED_FUNCTION = YES;
				GCC_WARN_UNUSED_VARIABLE = YES;
				IPHONEOS_DEPLOYMENT_TARGET = 8.0;
				MTL_ENABLE_DEBUG_INFO = NO;
				SDKROOT = iphoneos;
				SWIFT_OPTIMIZATION_LEVEL = "-Owholemodule";
				TARGETED_DEVICE_FAMILY = "1,2";
				VALIDATE_PRODUCT = YES;
				VERSIONING_SYSTEM = "apple-generic";
				VERSION_INFO_PREFIX = "";
			};
			name = Release;
		};
		CE083A221EBACFEB0077666F /* Debug */ = {
			isa = XCBuildConfiguration;
			buildSettings = {
				APPLICATION_EXTENSION_API_ONLY = NO;
				CLANG_ENABLE_MODULES = YES;
				CODE_SIGN_IDENTITY = "";
				DEFINES_MODULE = YES;
				DEVELOPMENT_TEAM = 4V6HDFWSR4;
				DYLIB_COMPATIBILITY_VERSION = 1;
				DYLIB_CURRENT_VERSION = 1;
				DYLIB_INSTALL_NAME_BASE = "@rpath";
				INFOPLIST_FILE = MaterialShowcase/Info.plist;
				INSTALL_PATH = "$(LOCAL_LIBRARY_DIR)/Frameworks";
				IPHONEOS_DEPLOYMENT_TARGET = 8.0;
				LD_RUNPATH_SEARCH_PATHS = "$(inherited) @executable_path/Frameworks @loader_path/Frameworks";
				ONLY_ACTIVE_ARCH = NO;
				PRODUCT_BUNDLE_IDENTIFIER = com.aromajoin.MaterialShowcase;
				PRODUCT_NAME = "$(TARGET_NAME)";
				SKIP_INSTALL = YES;
				SWIFT_OPTIMIZATION_LEVEL = "-Onone";
				SWIFT_SWIFT3_OBJC_INFERENCE = On;
				SWIFT_VERSION = 4.0;
			};
			name = Debug;
		};
		CE083A231EBACFEB0077666F /* Release */ = {
			isa = XCBuildConfiguration;
			buildSettings = {
				APPLICATION_EXTENSION_API_ONLY = NO;
				CLANG_ENABLE_MODULES = YES;
				CODE_SIGN_IDENTITY = "";
				DEFINES_MODULE = YES;
				DEVELOPMENT_TEAM = 4V6HDFWSR4;
				DYLIB_COMPATIBILITY_VERSION = 1;
				DYLIB_CURRENT_VERSION = 1;
				DYLIB_INSTALL_NAME_BASE = "@rpath";
				INFOPLIST_FILE = MaterialShowcase/Info.plist;
				INSTALL_PATH = "$(LOCAL_LIBRARY_DIR)/Frameworks";
				IPHONEOS_DEPLOYMENT_TARGET = 8.0;
				LD_RUNPATH_SEARCH_PATHS = "$(inherited) @executable_path/Frameworks @loader_path/Frameworks";
				ONLY_ACTIVE_ARCH = NO;
				PRODUCT_BUNDLE_IDENTIFIER = com.aromajoin.MaterialShowcase;
				PRODUCT_NAME = "$(TARGET_NAME)";
				SKIP_INSTALL = YES;
				SWIFT_SWIFT3_OBJC_INFERENCE = On;
				SWIFT_VERSION = 4.0;
			};
			name = Release;
		};
/* End XCBuildConfiguration section */

/* Begin XCConfigurationList section */
		CE083A131EBACFEB0077666F /* Build configuration list for PBXProject "MaterialShowcase" */ = {
			isa = XCConfigurationList;
			buildConfigurations = (
				CE083A1F1EBACFEB0077666F /* Debug */,
				CE083A201EBACFEB0077666F /* Release */,
			);
			defaultConfigurationIsVisible = 0;
			defaultConfigurationName = Release;
		};
		CE083A211EBACFEB0077666F /* Build configuration list for PBXNativeTarget "MaterialShowcase" */ = {
			isa = XCConfigurationList;
			buildConfigurations = (
				CE083A221EBACFEB0077666F /* Debug */,
				CE083A231EBACFEB0077666F /* Release */,
			);
			defaultConfigurationIsVisible = 0;
			defaultConfigurationName = Release;
		};
/* End XCConfigurationList section */
	};
	rootObject = CE083A101EBACFEB0077666F /* Project object */;
}
